
Microsoft Visual Studio Solution File, Format Version 12.00
# Visual Studio Version 16
VisualStudioVersion = 16.0.31729.503
MinimumVisualStudioVersion = 10.0.40219.1
Project("{FAE04EC0-301F-11D3-BF4B-00C04F79EFBC}") = "Application_to_Run_Sql_Queries", "Application_to_Run_Sql_Queries\Application_to_Run_Sql_Queries.csproj", "{4F797A66-BB8B-4C85-B0AA-91A4ACDFAFDE}"
EndProject
Global
	GlobalSection(SolutionConfigurationPlatforms) = preSolution
		Debug|Any CPU = Debug|Any CPU
		Release|Any CPU = Release|Any CPU
	EndGlobalSection
	GlobalSection(ProjectConfigurationPlatforms) = postSolution
		{4F797A66-BB8B-4C85-B0AA-91A4ACDFAFDE}.Debug|Any CPU.ActiveCfg = Debug|Any CPU
		{4F797A66-BB8B-4C85-B0AA-91A4ACDFAFDE}.Debug|Any CPU.Build.0 = Debug|Any CPU
		{4F797A66-BB8B-4C85-B0AA-91A4ACDFAFDE}.Release|Any CPU.ActiveCfg = Release|Any CPU
		{4F797A66-BB8B-4C85-B0AA-91A4ACDFAFDE}.Release|Any CPU.Build.0 = Release|Any CPU
	EndGlobalSection
	GlobalSection(SolutionProperties) = preSolution
		HideSolutionNode = FALSE
	EndGlobalSection
	GlobalSection(ExtensibilityGlobals) = postSolution
		SolutionGuid = {1450F713-2307-49E9-8C3C-9064E45E576B}
	EndGlobalSection
EndGlobal
